// !$*UTF8*$!
{
	archiveVersion = 1;
	classes = {
	};
	objectVersion = 46;
	objects = {

/* Begin PBXBuildFile section */
		2D8B34291CF6E8E3006C0F95 /* HomeViewController.swift in Sources */ = {isa = PBXBuildFile; fileRef = 2D8B34281CF6E8E3006C0F95 /* HomeViewController.swift */; };
		2DA433141CF585E8009326D0 /* LoginViewController.swift in Sources */ = {isa = PBXBuildFile; fileRef = 2DA433131CF585E8009326D0 /* LoginViewController.swift */; };
		2DA433191CF58D57009326D0 /* TwitterLoginDelegate.swift in Sources */ = {isa = PBXBuildFile; fileRef = 2DA433181CF58D57009326D0 /* TwitterLoginDelegate.swift */; };
		2DA4331E1CF5A1E5009326D0 /* User.swift in Sources */ = {isa = PBXBuildFile; fileRef = 2DA4331D1CF5A1E5009326D0 /* User.swift */; };
		2DA433211CF5A22B009326D0 /* TwitterClient.swift in Sources */ = {isa = PBXBuildFile; fileRef = 2DA433201CF5A22B009326D0 /* TwitterClient.swift */; };
		A0975AADEBC9AA6702D7BF35 /* Pods_TwitterTest.framework in Frameworks */ = {isa = PBXBuildFile; fileRef = 561C59807A81A4F582457CC7 /* Pods_TwitterTest.framework */; };
		FC58EDF01CF4A628001C7E41 /* AppDelegate.swift in Sources */ = {isa = PBXBuildFile; fileRef = FC58EDEF1CF4A628001C7E41 /* AppDelegate.swift */; };
		FC58EDF51CF4A628001C7E41 /* Main.storyboard in Resources */ = {isa = PBXBuildFile; fileRef = FC58EDF31CF4A628001C7E41 /* Main.storyboard */; };
		FC58EDF71CF4A628001C7E41 /* Assets.xcassets in Resources */ = {isa = PBXBuildFile; fileRef = FC58EDF61CF4A628001C7E41 /* Assets.xcassets */; };
		FC58EDFA1CF4A628001C7E41 /* LaunchScreen.storyboard in Resources */ = {isa = PBXBuildFile; fileRef = FC58EDF81CF4A628001C7E41 /* LaunchScreen.storyboard */; };
		FC58EE031CF4A807001C7E41 /* SplashViewController.swift in Sources */ = {isa = PBXBuildFile; fileRef = FC58EE021CF4A807001C7E41 /* SplashViewController.swift */; };
/* End PBXBuildFile section */

/* Begin PBXFileReference section */
		16D04B104510AD87D30395AA /* Pods-TwitterTest.release.xcconfig */ = {isa = PBXFileReference; includeInIndex = 1; lastKnownFileType = text.xcconfig; name = "Pods-TwitterTest.release.xcconfig"; path = "Pods/Target Support Files/Pods-TwitterTest/Pods-TwitterTest.release.xcconfig"; sourceTree = "<group>"; };
		2D8B34281CF6E8E3006C0F95 /* HomeViewController.swift */ = {isa = PBXFileReference; fileEncoding = 4; lastKnownFileType = sourcecode.swift; name = HomeViewController.swift; path = GUI/HomeViewController.swift; sourceTree = "<group>"; };
		2DA433131CF585E8009326D0 /* LoginViewController.swift */ = {isa = PBXFileReference; fileEncoding = 4; lastKnownFileType = sourcecode.swift; name = LoginViewController.swift; path = GUI/LoginViewController.swift; sourceTree = "<group>"; };
		2DA433181CF58D57009326D0 /* TwitterLoginDelegate.swift */ = {isa = PBXFileReference; fileEncoding = 4; lastKnownFileType = sourcecode.swift; name = TwitterLoginDelegate.swift; path = GUI/TwitterLoginDelegate.swift; sourceTree = "<group>"; };
		2DA4331D1CF5A1E5009326D0 /* User.swift */ = {isa = PBXFileReference; fileEncoding = 4; lastKnownFileType = sourcecode.swift; name = User.swift; path = Models/User.swift; sourceTree = "<group>"; };
		2DA433201CF5A22B009326D0 /* TwitterClient.swift */ = {isa = PBXFileReference; fileEncoding = 4; lastKnownFileType = sourcecode.swift; path = TwitterClient.swift; sourceTree = "<group>"; };
		4EECF581521734AE15FBA52A /* Pods-TwitterTest.debug.xcconfig */ = {isa = PBXFileReference; includeInIndex = 1; lastKnownFileType = text.xcconfig; name = "Pods-TwitterTest.debug.xcconfig"; path = "Pods/Target Support Files/Pods-TwitterTest/Pods-TwitterTest.debug.xcconfig"; sourceTree = "<group>"; };
		561C59807A81A4F582457CC7 /* Pods_TwitterTest.framework */ = {isa = PBXFileReference; explicitFileType = wrapper.framework; includeInIndex = 0; path = Pods_TwitterTest.framework; sourceTree = BUILT_PRODUCTS_DIR; };
		FC58EDEC1CF4A628001C7E41 /* TwitterTest.app */ = {isa = PBXFileReference; explicitFileType = wrapper.application; includeInIndex = 0; path = TwitterTest.app; sourceTree = BUILT_PRODUCTS_DIR; };
		FC58EDEF1CF4A628001C7E41 /* AppDelegate.swift */ = {isa = PBXFileReference; lastKnownFileType = sourcecode.swift; path = AppDelegate.swift; sourceTree = "<group>"; };
		FC58EDF41CF4A628001C7E41 /* Base */ = {isa = PBXFileReference; lastKnownFileType = file.storyboard; name = Base; path = Base.lproj/Main.storyboard; sourceTree = "<group>"; };
		FC58EDF61CF4A628001C7E41 /* Assets.xcassets */ = {isa = PBXFileReference; lastKnownFileType = folder.assetcatalog; path = Assets.xcassets; sourceTree = "<group>"; };
		FC58EDF91CF4A628001C7E41 /* Base */ = {isa = PBXFileReference; lastKnownFileType = file.storyboard; name = Base; path = Base.lproj/LaunchScreen.storyboard; sourceTree = "<group>"; };
		FC58EDFB1CF4A628001C7E41 /* Info.plist */ = {isa = PBXFileReference; lastKnownFileType = text.plist.xml; path = Info.plist; sourceTree = "<group>"; };
		FC58EE021CF4A807001C7E41 /* SplashViewController.swift */ = {isa = PBXFileReference; fileEncoding = 4; lastKnownFileType = sourcecode.swift; name = SplashViewController.swift; path = GUI/SplashViewController.swift; sourceTree = "<group>"; };
/* End PBXFileReference section */

/* Begin PBXFrameworksBuildPhase section */
		FC58EDE91CF4A628001C7E41 /* Frameworks */ = {
			isa = PBXFrameworksBuildPhase;
			buildActionMask = 2147483647;
			files = (
				A0975AADEBC9AA6702D7BF35 /* Pods_TwitterTest.framework in Frameworks */,
			);
			runOnlyForDeploymentPostprocessing = 0;
		};
/* End PBXFrameworksBuildPhase section */

/* Begin PBXGroup section */
		2D31987B1CF5AE7B00F0D08A /* Models */ = {
			isa = PBXGroup;
			children = (
				2DA4331D1CF5A1E5009326D0 /* User.swift */,
			);
			name = Models;
			sourceTree = "<group>";
		};
		2DA4331A1CF5A141009326D0 /* Controllers */ = {
			isa = PBXGroup;
			children = (
				FC58EE021CF4A807001C7E41 /* SplashViewController.swift */,
				2DA433131CF585E8009326D0 /* LoginViewController.swift */,
				2D8B34281CF6E8E3006C0F95 /* HomeViewController.swift */,
			);
			name = Controllers;
			sourceTree = "<group>";
		};
		2DA4331B1CF5A159009326D0 /* Views */ = {
			isa = PBXGroup;
			children = (
				FC58EDF31CF4A628001C7E41 /* Main.storyboard */,
				FC58EDF61CF4A628001C7E41 /* Assets.xcassets */,
				FC58EDF81CF4A628001C7E41 /* LaunchScreen.storyboard */,
				FC58EDFB1CF4A628001C7E41 /* Info.plist */,
			);
			name = Views;
			sourceTree = "<group>";
		};
		2DA4331C1CF5A1C6009326D0 /* Delegates */ = {
			isa = PBXGroup;
			children = (
				2DA433181CF58D57009326D0 /* TwitterLoginDelegate.swift */,
				FC58EDEF1CF4A628001C7E41 /* AppDelegate.swift */,
			);
			name = Delegates;
			sourceTree = "<group>";
		};
		2DA4331F1CF5A21B009326D0 /* API */ = {
			isa = PBXGroup;
			children = (
				2DA433201CF5A22B009326D0 /* TwitterClient.swift */,
			);
			name = API;
			sourceTree = "<group>";
		};
		D27669D440F92918200BA31F /* Pods */ = {
			isa = PBXGroup;
			children = (
				4EECF581521734AE15FBA52A /* Pods-TwitterTest.debug.xcconfig */,
				16D04B104510AD87D30395AA /* Pods-TwitterTest.release.xcconfig */,
			);
			name = Pods;
			sourceTree = "<group>";
		};
		F5E6F27CE34FE2AE342AAE24 /* Frameworks */ = {
			isa = PBXGroup;
			children = (
				561C59807A81A4F582457CC7 /* Pods_TwitterTest.framework */,
			);
			name = Frameworks;
			sourceTree = "<group>";
		};
		FC58EDE31CF4A628001C7E41 = {
			isa = PBXGroup;
			children = (
				FC58EDEE1CF4A628001C7E41 /* TwitterTest */,
				FC58EDED1CF4A628001C7E41 /* Products */,
				D27669D440F92918200BA31F /* Pods */,
				F5E6F27CE34FE2AE342AAE24 /* Frameworks */,
			);
			sourceTree = "<group>";
		};
		FC58EDED1CF4A628001C7E41 /* Products */ = {
			isa = PBXGroup;
			children = (
				FC58EDEC1CF4A628001C7E41 /* TwitterTest.app */,
			);
			name = Products;
			sourceTree = "<group>";
		};
		FC58EDEE1CF4A628001C7E41 /* TwitterTest */ = {
			isa = PBXGroup;
			children = (
				2D31987B1CF5AE7B00F0D08A /* Models */,
				2DA4331F1CF5A21B009326D0 /* API */,
				2DA4331C1CF5A1C6009326D0 /* Delegates */,
				2DA4331A1CF5A141009326D0 /* Controllers */,
				2DA4331B1CF5A159009326D0 /* Views */,
			);
			path = TwitterTest;
			sourceTree = "<group>";
		};
/* End PBXGroup section */

/* Begin PBXNativeTarget section */
		FC58EDEB1CF4A628001C7E41 /* TwitterTest */ = {
			isa = PBXNativeTarget;
			buildConfigurationList = FC58EDFE1CF4A628001C7E41 /* Build configuration list for PBXNativeTarget "TwitterTest" */;
			buildPhases = (
				EB7E3D2E4FE4062F9A179386 /* Check Pods Manifest.lock */,
				FC58EDE81CF4A628001C7E41 /* Sources */,
				FC58EDE91CF4A628001C7E41 /* Frameworks */,
				FC58EDEA1CF4A628001C7E41 /* Resources */,
				EA826CA53EF86D3105FCEDA8 /* Embed Pods Frameworks */,
				99FA496AF19558EF787EFD1C /* Copy Pods Resources */,
			);
			buildRules = (
			);
			dependencies = (
			);
			name = TwitterTest;
			productName = TwitterTest;
			productReference = FC58EDEC1CF4A628001C7E41 /* TwitterTest.app */;
			productType = "com.apple.product-type.application";
		};
/* End PBXNativeTarget section */

/* Begin PBXProject section */
		FC58EDE41CF4A628001C7E41 /* Project object */ = {
			isa = PBXProject;
			attributes = {
				LastSwiftUpdateCheck = 0730;
				LastUpgradeCheck = 0730;
				ORGANIZATIONNAME = Maks;
				TargetAttributes = {
					FC58EDEB1CF4A628001C7E41 = {
						CreatedOnToolsVersion = 7.3;
						DevelopmentTeam = 83W7NX69M8;
					};
				};
			};
			buildConfigurationList = FC58EDE71CF4A628001C7E41 /* Build configuration list for PBXProject "TwitterTest" */;
			compatibilityVersion = "Xcode 3.2";
			developmentRegion = English;
			hasScannedForEncodings = 0;
			knownRegions = (
				en,
				Base,
			);
			mainGroup = FC58EDE31CF4A628001C7E41;
			productRefGroup = FC58EDED1CF4A628001C7E41 /* Products */;
			projectDirPath = "";
			projectRoot = "";
			targets = (
				FC58EDEB1CF4A628001C7E41 /* TwitterTest */,
			);
		};
/* End PBXProject section */

/* Begin PBXResourcesBuildPhase section */
		FC58EDEA1CF4A628001C7E41 /* Resources */ = {
			isa = PBXResourcesBuildPhase;
			buildActionMask = 2147483647;
			files = (
				FC58EDFA1CF4A628001C7E41 /* LaunchScreen.storyboard in Resources */,
				FC58EDF71CF4A628001C7E41 /* Assets.xcassets in Resources */,
				FC58EDF51CF4A628001C7E41 /* Main.storyboard in Resources */,
			);
			runOnlyForDeploymentPostprocessing = 0;
		};
/* End PBXResourcesBuildPhase section */

/* Begin PBXShellScriptBuildPhase section */
		99FA496AF19558EF787EFD1C /* Copy Pods Resources */ = {
			isa = PBXShellScriptBuildPhase;
			buildActionMask = 2147483647;
			files = (
			);
			inputPaths = (
			);
			name = "Copy Pods Resources";
			outputPaths = (
			);
			runOnlyForDeploymentPostprocessing = 0;
			shellPath = /bin/sh;
			shellScript = "\"${SRCROOT}/Pods/Target Support Files/Pods-TwitterTest/Pods-TwitterTest-resources.sh\"\n";
			showEnvVarsInLog = 0;
		};
		EA826CA53EF86D3105FCEDA8 /* Embed Pods Frameworks */ = {
			isa = PBXShellScriptBuildPhase;
			buildActionMask = 2147483647;
			files = (
			);
			inputPaths = (
			);
			name = "Embed Pods Frameworks";
			outputPaths = (
			);
			runOnlyForDeploymentPostprocessing = 0;
			shellPath = /bin/sh;
			shellScript = "\"${SRCROOT}/Pods/Target Support Files/Pods-TwitterTest/Pods-TwitterTest-frameworks.sh\"\n";
			showEnvVarsInLog = 0;
		};
		EB7E3D2E4FE4062F9A179386 /* Check Pods Manifest.lock */ = {
			isa = PBXShellScriptBuildPhase;
			buildActionMask = 2147483647;
			files = (
			);
			inputPaths = (
			);
			name = "Check Pods Manifest.lock";
			outputPaths = (
			);
			runOnlyForDeploymentPostprocessing = 0;
			shellPath = /bin/sh;
			shellScript = "diff \"${PODS_ROOT}/../Podfile.lock\" \"${PODS_ROOT}/Manifest.lock\" > /dev/null\nif [[ $? != 0 ]] ; then\n    cat << EOM\nerror: The sandbox is not in sync with the Podfile.lock. Run 'pod install' or update your CocoaPods installation.\nEOM\n    exit 1\nfi\n";
			showEnvVarsInLog = 0;
		};
/* End PBXShellScriptBuildPhase section */

/* Begin PBXSourcesBuildPhase section */
		FC58EDE81CF4A628001C7E41 /* Sources */ = {
			isa = PBXSourcesBuildPhase;
			buildActionMask = 2147483647;
			files = (
				2DA433191CF58D57009326D0 /* TwitterLoginDelegate.swift in Sources */,
				2DA433141CF585E8009326D0 /* LoginViewController.swift in Sources */,
				FC58EDF01CF4A628001C7E41 /* AppDelegate.swift in Sources */,
				2DA4331E1CF5A1E5009326D0 /* User.swift in Sources */,
				2DA433211CF5A22B009326D0 /* TwitterClient.swift in Sources */,
				2D8B34291CF6E8E3006C0F95 /* HomeViewController.swift in Sources */,
				FC58EE031CF4A807001C7E41 /* SplashViewController.swift in Sources */,
			);
			runOnlyForDeploymentPostprocessing = 0;
		};
/* End PBXSourcesBuildPhase section */

/* Begin PBXVariantGroup section */
		FC58EDF31CF4A628001C7E41 /* Main.storyboard */ = {
			isa = PBXVariantGroup;
			children = (
				FC58EDF41CF4A628001C7E41 /* Base */,
			);
			name = Main.storyboard;
			sourceTree = "<group>";
		};
		FC58EDF81CF4A628001C7E41 /* LaunchScreen.storyboard */ = {
			isa = PBXVariantGroup;
			children = (
				FC58EDF91CF4A628001C7E41 /* Base */,
			);
			name = LaunchScreen.storyboard;
			sourceTree = "<group>";
		};
/* End PBXVariantGroup section */

/* Begin XCBuildConfiguration section */
		FC58EDFC1CF4A628001C7E41 /* Debug */ = {
			isa = XCBuildConfiguration;
			buildSettings = {
				ALWAYS_SEARCH_USER_PATHS = NO;
				CLANG_ANALYZER_NONNULL = YES;
				CLANG_CXX_LANGUAGE_STANDARD = "gnu++0x";
				CLANG_CXX_LIBRARY = "libc++";
				CLANG_ENABLE_MODULES = YES;
				CLANG_ENABLE_OBJC_ARC = YES;
				CLANG_WARN_BOOL_CONVERSION = YES;
				CLANG_WARN_CONSTANT_CONVERSION = YES;
				CLANG_WARN_DIRECT_OBJC_ISA_USAGE = YES_ERROR;
				CLANG_WARN_EMPTY_BODY = YES;
				CLANG_WARN_ENUM_CONVERSION = YES;
				CLANG_WARN_INT_CONVERSION = YES;
				CLANG_WARN_OBJC_ROOT_CLASS = YES_ERROR;
				CLANG_WARN_UNREACHABLE_CODE = YES;
				CLANG_WARN__DUPLICATE_METHOD_MATCH = YES;
				"CODE_SIGN_IDENTITY[sdk=iphoneos*]" = "iPhone Developer";
				COPY_PHASE_STRIP = NO;
				DEBUG_INFORMATION_FORMAT = dwarf;
				ENABLE_STRICT_OBJC_MSGSEND = YES;
				ENABLE_TESTABILITY = YES;
				GCC_C_LANGUAGE_STANDARD = gnu99;
				GCC_DYNAMIC_NO_PIC = NO;
				GCC_NO_COMMON_BLOCKS = YES;
				GCC_OPTIMIZATION_LEVEL = 0;
				GCC_PREPROCESSOR_DEFINITIONS = (
					"DEBUG=1",
					"$(inherited)",
				);
				GCC_WARN_64_TO_32_BIT_CONVERSION = YES;
				GCC_WARN_ABOUT_RETURN_TYPE = YES_ERROR;
				GCC_WARN_UNDECLARED_SELECTOR = YES;
				GCC_WARN_UNINITIALIZED_AUTOS = YES_AGGRESSIVE;
				GCC_WARN_UNUSED_FUNCTION = YES;
				GCC_WARN_UNUSED_VARIABLE = YES;
				IPHONEOS_DEPLOYMENT_TARGET = 9.3;
				MTL_ENABLE_DEBUG_INFO = YES;
				ONLY_ACTIVE_ARCH = YES;
				SDKROOT = iphoneos;
				SWIFT_OPTIMIZATION_LEVEL = "-Onone";
			};
			name = Debug;
		};
		FC58EDFD1CF4A628001C7E41 /* Release */ = {
			isa = XCBuildConfiguration;
			buildSettings = {
				ALWAYS_SEARCH_USER_PATHS = NO;
				CLANG_ANALYZER_NONNULL = YES;
				CLANG_CXX_LANGUAGE_STANDARD = "gnu++0x";
				CLANG_CXX_LIBRARY = "libc++";
				CLANG_ENABLE_MODULES = YES;
				CLANG_ENABLE_OBJC_ARC = YES;
				CLANG_WARN_BOOL_CONVERSION = YES;
				CLANG_WARN_CONSTANT_CONVERSION = YES;
				CLANG_WARN_DIRECT_OBJC_ISA_USAGE = YES_ERROR;
				CLANG_WARN_EMPTY_BODY = YES;
				CLANG_WARN_ENUM_CONVERSION = YES;
				CLANG_WARN_INT_CONVERSION = YES;
				CLANG_WARN_OBJC_ROOT_CLASS = YES_ERROR;
				CLANG_WARN_UNREACHABLE_CODE = YES;
				CLANG_WARN__DUPLICATE_METHOD_MATCH = YES;
				"CODE_SIGN_IDENTITY[sdk=iphoneos*]" = "iPhone Developer";
				COPY_PHASE_STRIP = NO;
				DEBUG_INFORMATION_FORMAT = "dwarf-with-dsym";
				ENABLE_NS_ASSERTIONS = NO;
				ENABLE_STRICT_OBJC_MSGSEND = YES;
				GCC_C_LANGUAGE_STANDARD = gnu99;
				GCC_NO_COMMON_BLOCKS = YES;
				GCC_WARN_64_TO_32_BIT_CONVERSION = YES;
				GCC_WARN_ABOUT_RETURN_TYPE = YES_ERROR;
				GCC_WARN_UNDECLARED_SELECTOR = YES;
				GCC_WARN_UNINITIALIZED_AUTOS = YES_AGGRESSIVE;
				GCC_WARN_UNUSED_FUNCTION = YES;
				GCC_WARN_UNUSED_VARIABLE = YES;
				IPHONEOS_DEPLOYMENT_TARGET = 9.3;
				MTL_ENABLE_DEBUG_INFO = NO;
				SDKROOT = iphoneos;
				VALIDATE_PRODUCT = YES;
			};
			name = Release;
		};
		FC58EDFF1CF4A628001C7E41 /* Debug */ = {
			isa = XCBuildConfiguration;
			baseConfigurationReference = 4EECF581521734AE15FBA52A /* Pods-TwitterTest.debug.xcconfig */;
			buildSettings = {
				ASSETCATALOG_COMPILER_APPICON_NAME = AppIcon;
				INFOPLIST_FILE = TwitterTest/Info.plist;
				LD_RUNPATH_SEARCH_PATHS = "$(inherited) @executable_path/Frameworks";
				PRODUCT_BUNDLE_IDENTIFIER = MS.TwitterTest;
				PRODUCT_NAME = "$(TARGET_NAME)";
			};
			name = Debug;
		};
		FC58EE001CF4A628001C7E41 /* Release */ = {
			isa = XCBuildConfiguration;
			baseConfigurationReference = 16D04B104510AD87D30395AA /* Pods-TwitterTest.release.xcconfig */;
			buildSettings = {
				ASSETCATALOG_COMPILER_APPICON_NAME = AppIcon;
				INFOPLIST_FILE = TwitterTest/Info.plist;
				LD_RUNPATH_SEARCH_PATHS = "$(inherited) @executable_path/Frameworks";
				PRODUCT_BUNDLE_IDENTIFIER = MS.TwitterTest;
				PRODUCT_NAME = "$(TARGET_NAME)";
			};
			name = Release;
		};
/* End XCBuildConfiguration section */

/* Begin XCConfigurationList section */
		FC58EDE71CF4A628001C7E41 /* Build configuration list for PBXProject "TwitterTest" */ = {
			isa = XCConfigurationList;
			buildConfigurations = (
				FC58EDFC1CF4A628001C7E41 /* Debug */,
				FC58EDFD1CF4A628001C7E41 /* Release */,
			);
			defaultConfigurationIsVisible = 0;
			defaultConfigurationName = Release;
		};
		FC58EDFE1CF4A628001C7E41 /* Build configuration list for PBXNativeTarget "TwitterTest" */ = {
			isa = XCConfigurationList;
			buildConfigurations = (
				FC58EDFF1CF4A628001C7E41 /* Debug */,
				FC58EE001CF4A628001C7E41 /* Release */,
			);
			defaultConfigurationIsVisible = 0;
			defaultConfigurationName = Release;
		};
/* End XCConfigurationList section */
	};
	rootObject = FC58EDE41CF4A628001C7E41 /* Project object */;
}
